
Microsoft Visual Studio Solution File, Format Version 12.00
# Visual Studio Version 17
VisualStudioVersion = 17.10.34928.147
MinimumVisualStudioVersion = 10.0.40219.1
Project("{2150E333-8FDC-42A3-9474-1A3956D46DE8}") = "Services", "Services", "{CD000DB0-85F7-4628-AFF5-7C7537E7A87A}"
EndProject
Project("{2150E333-8FDC-42A3-9474-1A3956D46DE8}") = "Catalog", "Catalog", "{93F24C7E-0B62-4AFB-8F76-BA8A3A0D05B4}"
EndProject
Project("{9A19103F-16F7-4668-BE54-9A1E7A4F7556}") = "Catalog.API", "Services\Catalog\Catalog.API\Catalog.API.csproj", "{B1C3D256-476A-4A2D-A41F-E7DA4F3F9952}"
EndProject
Project("{2150E333-8FDC-42A3-9474-1A3956D46DE8}") = "BuildingBlocks", "BuildingBlocks", "{2C0A47DC-6781-4CC3-B9C3-99F10487B21E}"
EndProject
Project("{9A19103F-16F7-4668-BE54-9A1E7A4F7556}") = "BuildingBlocks", "BuildingBlocks\BuildingBlocks\BuildingBlocks.csproj", "{0C558A7A-422C-49E5-8FAC-C4C1141E9D2D}"
EndProject
Project("{E53339B2-1760-4266-BCC7-CA923CBCF16C}") = "docker-compose", "docker-compose.dcproj", "{1DCADD45-2D84-4107-82CD-FF867DA041CB}"
EndProject
Global
	GlobalSection(SolutionConfigurationPlatforms) = preSolution
		Debug|Any CPU = Debug|Any CPU
		Release|Any CPU = Release|Any CPU
	EndGlobalSection
	GlobalSection(ProjectConfigurationPlatforms) = postSolution
		{B1C3D256-476A-4A2D-A41F-E7DA4F3F9952}.Debug|Any CPU.ActiveCfg = Debug|Any CPU
		{B1C3D256-476A-4A2D-A41F-E7DA4F3F9952}.Debug|Any CPU.Build.0 = Debug|Any CPU
		{B1C3D256-476A-4A2D-A41F-E7DA4F3F9952}.Release|Any CPU.ActiveCfg = Release|Any CPU
		{B1C3D256-476A-4A2D-A41F-E7DA4F3F9952}.Release|Any CPU.Build.0 = Release|Any CPU
		{0C558A7A-422C-49E5-8FAC-C4C1141E9D2D}.Debug|Any CPU.ActiveCfg = Debug|Any CPU
		{0C558A7A-422C-49E5-8FAC-C4C1141E9D2D}.Debug|Any CPU.Build.0 = Debug|Any CPU
		{0C558A7A-422C-49E5-8FAC-C4C1141E9D2D}.Release|Any CPU.ActiveCfg = Release|Any CPU
		{0C558A7A-422C-49E5-8FAC-C4C1141E9D2D}.Release|Any CPU.Build.0 = Release|Any CPU
		{1DCADD45-2D84-4107-82CD-FF867DA041CB}.Debug|Any CPU.ActiveCfg = Debug|Any CPU
		{1DCADD45-2D84-4107-82CD-FF867DA041CB}.Debug|Any CPU.Build.0 = Debug|Any CPU
		{1DCADD45-2D84-4107-82CD-FF867DA041CB}.Release|Any CPU.ActiveCfg = Release|Any CPU
		{1DCADD45-2D84-4107-82CD-FF867DA041CB}.Release|Any CPU.Build.0 = Release|Any CPU
	EndGlobalSection
	GlobalSection(SolutionProperties) = preSolution
		HideSolutionNode = FALSE
	EndGlobalSection
	GlobalSection(NestedProjects) = preSolution
		{93F24C7E-0B62-4AFB-8F76-BA8A3A0D05B4} = {CD000DB0-85F7-4628-AFF5-7C7537E7A87A}
		{B1C3D256-476A-4A2D-A41F-E7DA4F3F9952} = {93F24C7E-0B62-4AFB-8F76-BA8A3A0D05B4}
		{0C558A7A-422C-49E5-8FAC-C4C1141E9D2D} = {2C0A47DC-6781-4CC3-B9C3-99F10487B21E}
	EndGlobalSection
	GlobalSection(ExtensibilityGlobals) = postSolution
		SolutionGuid = {7080C7D4-CA56-4420-A74B-22E0109DC228}
	EndGlobalSection
EndGlobal
